
Microsoft Visual Studio Solution File, Format Version 12.00
# Visual Studio Version 16
VisualStudioVersion = 16.0.30517.126
MinimumVisualStudioVersion = 10.0.40219.1
Project("{9A19103F-16F7-4668-BE54-9A1E7A4F7556}") = "FDownl", "FDownl\FDownl.csproj", "{FAE74AE6-EFAF-4283-B84A-A82449FA8323}"
EndProject
Project("{9A19103F-16F7-4668-BE54-9A1E7A4F7556}") = "Fdownl Storage", "Fdownl Storage\Fdownl Storage.csproj", "{070F764A-2CDB-4027-BA1A-508BCE314E80}"
EndProject
Project("{FAE04EC0-301F-11D3-BF4B-00C04F79EFBC}") = "FDownl Shared Resources", "FDownl Shared Resources\FDownl Shared Resources.csproj", "{A7E70F3C-5D0F-4D55-9C9E-675B3E2175C4}"
EndProject
Global
	GlobalSection(SolutionConfigurationPlatforms) = preSolution
		Debug|Any CPU = Debug|Any CPU
		Release|Any CPU = Release|Any CPU
	EndGlobalSection
	GlobalSection(ProjectConfigurationPlatforms) = postSolution
		{FAE74AE6-EFAF-4283-B84A-A82449FA8323}.Debug|Any CPU.ActiveCfg = Debug|Any CPU
		{FAE74AE6-EFAF-4283-B84A-A82449FA8323}.Debug|Any CPU.Build.0 = Debug|Any CPU
		{FAE74AE6-EFAF-4283-B84A-A82449FA8323}.Release|Any CPU.ActiveCfg = Release|Any CPU
		{FAE74AE6-EFAF-4283-B84A-A82449FA8323}.Release|Any CPU.Build.0 = Release|Any CPU
		{070F764A-2CDB-4027-BA1A-508BCE314E80}.Debug|Any CPU.ActiveCfg = Debug|Any CPU
		{070F764A-2CDB-4027-BA1A-508BCE314E80}.Debug|Any CPU.Build.0 = Debug|Any CPU
		{070F764A-2CDB-4027-BA1A-508BCE314E80}.Release|Any CPU.ActiveCfg = Release|Any CPU
		{070F764A-2CDB-4027-BA1A-508BCE314E80}.Release|Any CPU.Build.0 = Release|Any CPU
		{A7E70F3C-5D0F-4D55-9C9E-675B3E2175C4}.Debug|Any CPU.ActiveCfg = Debug|Any CPU
		{A7E70F3C-5D0F-4D55-9C9E-675B3E2175C4}.Debug|Any CPU.Build.0 = Debug|Any CPU
		{A7E70F3C-5D0F-4D55-9C9E-675B3E2175C4}.Release|Any CPU.ActiveCfg = Release|Any CPU
		{A7E70F3C-5D0F-4D55-9C9E-675B3E2175C4}.Release|Any CPU.Build.0 = Release|Any CPU
	EndGlobalSection
	GlobalSection(SolutionProperties) = preSolution
		HideSolutionNode = FALSE
	EndGlobalSection
	GlobalSection(ExtensibilityGlobals) = postSolution
		SolutionGuid = {DE1B1F14-4133-4B82-8D4A-9A2CDDD84825}
	EndGlobalSection
EndGlobal
